
Microsoft Visual Studio Solution File, Format Version 12.00
# Visual Studio Version 17
VisualStudioVersion = 17.12.35707.178
MinimumVisualStudioVersion = 10.0.40219.1
Project("{FAE04EC0-301F-11D3-BF4B-00C04F79EFBC}") = "API", "API\API.csproj", "{570775A5-EDF9-4B03-9D7C-B1E000D9C601}"
EndProject
Project("{FAE04EC0-301F-11D3-BF4B-00C04F79EFBC}") = "WebApp", "WebApp\WebApp.csproj", "{E4F131D7-7920-4EEA-9558-290DAD70859D}"
EndProject
Global
	GlobalSection(SolutionConfigurationPlatforms) = preSolution
		Debug|Any CPU = Debug|Any CPU
		Release|Any CPU = Release|Any CPU
	EndGlobalSection
	GlobalSection(ProjectConfigurationPlatforms) = postSolution
		{570775A5-EDF9-4B03-9D7C-B1E000D9C601}.Debug|Any CPU.ActiveCfg = Debug|Any CPU
		{570775A5-EDF9-4B03-9D7C-B1E000D9C601}.Debug|Any CPU.Build.0 = Debug|Any CPU
		{570775A5-EDF9-4B03-9D7C-B1E000D9C601}.Release|Any CPU.ActiveCfg = Release|Any CPU
		{570775A5-EDF9-4B03-9D7C-B1E000D9C601}.Release|Any CPU.Build.0 = Release|Any CPU
		{E4F131D7-7920-4EEA-9558-290DAD70859D}.Debug|Any CPU.ActiveCfg = Debug|Any CPU
		{E4F131D7-7920-4EEA-9558-290DAD70859D}.Debug|Any CPU.Build.0 = Debug|Any CPU
		{E4F131D7-7920-4EEA-9558-290DAD70859D}.Release|Any CPU.ActiveCfg = Release|Any CPU
		{E4F131D7-7920-4EEA-9558-290DAD70859D}.Release|Any CPU.Build.0 = Release|Any CPU
	EndGlobalSection
	GlobalSection(SolutionProperties) = preSolution
		HideSolutionNode = FALSE
	EndGlobalSection
	GlobalSection(ExtensibilityGlobals) = postSolution
		SolutionGuid = {A72686AC-0BEA-49FD-A31C-BD83EDDEB13B}
	EndGlobalSection
EndGlobal
